
Microsoft Visual Studio Solution File, Format Version 11.00
# Visual Studio 2010
Project("{2150E333-8FDC-42A3-9474-1A3956D46DE8}") = "HyperCloud.IIS", "HyperCloud.IIS", "{375587D0-DAD2-481B-A619-1DEB26A9B4CE}"
EndProject
Project("{FAE04EC0-301F-11D3-BF4B-00C04F79EFBC}") = "HyperCloud.IIS.RedisSessionState", "HyperCloud.IIS.RedisSessionState\HyperCloud.IIS.RedisSessionState.csproj", "{8B58CE70-75BF-423E-9CD6-CE2FECD0DE08}"
EndProject
Project("{FAE04EC0-301F-11D3-BF4B-00C04F79EFBC}") = "HyperCloud.Core", "HyperCloud.Core\HyperCloud.Core.csproj", "{A2444EF6-2B81-4DBA-A408-E724907E8F05}"
EndProject
Project("{FAE04EC0-301F-11D3-BF4B-00C04F79EFBC}") = "HyperCloud.Service", "HyperCloud.Service\HyperCloud.Service.csproj", "{274F57E6-605B-48A2-A378-49D47A9F34B3}"
EndProject
Project("{2150E333-8FDC-42A3-9474-1A3956D46DE8}") = "HyperCloud.Services", "HyperCloud.Services", "{F88AC81F-1C03-4E4F-98FC-8CEC86D996AC}"
EndProject
Global
	GlobalSection(SolutionConfigurationPlatforms) = preSolution
		Debug|Any CPU = Debug|Any CPU
		Debug|Mixed Platforms = Debug|Mixed Platforms
		Debug|x86 = Debug|x86
		Release|Any CPU = Release|Any CPU
		Release|Mixed Platforms = Release|Mixed Platforms
		Release|x86 = Release|x86
	EndGlobalSection
	GlobalSection(ProjectConfigurationPlatforms) = postSolution
		{8B58CE70-75BF-423E-9CD6-CE2FECD0DE08}.Debug|Any CPU.ActiveCfg = Debug|Any CPU
		{8B58CE70-75BF-423E-9CD6-CE2FECD0DE08}.Debug|Any CPU.Build.0 = Debug|Any CPU
		{8B58CE70-75BF-423E-9CD6-CE2FECD0DE08}.Debug|Mixed Platforms.ActiveCfg = Debug|Any CPU
		{8B58CE70-75BF-423E-9CD6-CE2FECD0DE08}.Debug|Mixed Platforms.Build.0 = Debug|Any CPU
		{8B58CE70-75BF-423E-9CD6-CE2FECD0DE08}.Debug|x86.ActiveCfg = Debug|Any CPU
		{8B58CE70-75BF-423E-9CD6-CE2FECD0DE08}.Release|Any CPU.ActiveCfg = Release|Any CPU
		{8B58CE70-75BF-423E-9CD6-CE2FECD0DE08}.Release|Any CPU.Build.0 = Release|Any CPU
		{8B58CE70-75BF-423E-9CD6-CE2FECD0DE08}.Release|Mixed Platforms.ActiveCfg = Release|Any CPU
		{8B58CE70-75BF-423E-9CD6-CE2FECD0DE08}.Release|Mixed Platforms.Build.0 = Release|Any CPU
		{8B58CE70-75BF-423E-9CD6-CE2FECD0DE08}.Release|x86.ActiveCfg = Release|Any CPU
		{A2444EF6-2B81-4DBA-A408-E724907E8F05}.Debug|Any CPU.ActiveCfg = Debug|Any CPU
		{A2444EF6-2B81-4DBA-A408-E724907E8F05}.Debug|Any CPU.Build.0 = Debug|Any CPU
		{A2444EF6-2B81-4DBA-A408-E724907E8F05}.Debug|Mixed Platforms.ActiveCfg = Debug|Any CPU
		{A2444EF6-2B81-4DBA-A408-E724907E8F05}.Debug|Mixed Platforms.Build.0 = Debug|Any CPU
		{A2444EF6-2B81-4DBA-A408-E724907E8F05}.Debug|x86.ActiveCfg = Debug|Any CPU
		{A2444EF6-2B81-4DBA-A408-E724907E8F05}.Release|Any CPU.ActiveCfg = Release|Any CPU
		{A2444EF6-2B81-4DBA-A408-E724907E8F05}.Release|Any CPU.Build.0 = Release|Any CPU
		{A2444EF6-2B81-4DBA-A408-E724907E8F05}.Release|Mixed Platforms.ActiveCfg = Release|Any CPU
		{A2444EF6-2B81-4DBA-A408-E724907E8F05}.Release|Mixed Platforms.Build.0 = Release|Any CPU
		{A2444EF6-2B81-4DBA-A408-E724907E8F05}.Release|x86.ActiveCfg = Release|Any CPU
		{274F57E6-605B-48A2-A378-49D47A9F34B3}.Debug|Any CPU.ActiveCfg = Debug|x86
		{274F57E6-605B-48A2-A378-49D47A9F34B3}.Debug|Mixed Platforms.ActiveCfg = Debug|x86
		{274F57E6-605B-48A2-A378-49D47A9F34B3}.Debug|Mixed Platforms.Build.0 = Debug|x86
		{274F57E6-605B-48A2-A378-49D47A9F34B3}.Debug|x86.ActiveCfg = Debug|x86
		{274F57E6-605B-48A2-A378-49D47A9F34B3}.Debug|x86.Build.0 = Debug|x86
		{274F57E6-605B-48A2-A378-49D47A9F34B3}.Release|Any CPU.ActiveCfg = Release|x86
		{274F57E6-605B-48A2-A378-49D47A9F34B3}.Release|Mixed Platforms.ActiveCfg = Release|x86
		{274F57E6-605B-48A2-A378-49D47A9F34B3}.Release|Mixed Platforms.Build.0 = Release|x86
		{274F57E6-605B-48A2-A378-49D47A9F34B3}.Release|x86.ActiveCfg = Release|x86
		{274F57E6-605B-48A2-A378-49D47A9F34B3}.Release|x86.Build.0 = Release|x86
	EndGlobalSection
	GlobalSection(SolutionProperties) = preSolution
		HideSolutionNode = FALSE
	EndGlobalSection
	GlobalSection(NestedProjects) = preSolution
		{8B58CE70-75BF-423E-9CD6-CE2FECD0DE08} = {375587D0-DAD2-481B-A619-1DEB26A9B4CE}
	EndGlobalSection
EndGlobal
